
Microsoft Visual Studio Solution File, Format Version 12.00
# Visual Studio Version 17
VisualStudioVersion = 17.0.32014.148
MinimumVisualStudioVersion = 10.0.40219.1
Project("{9A19103F-16F7-4668-BE54-9A1E7A4F7556}") = "SpecFlowCalculator", "SpecFlowCalculator\SpecFlowCalculator.csproj", "{2210AE7F-78F7-4EE2-AB5E-D27E29244095}"
EndProject
Project("{FAE04EC0-301F-11D3-BF4B-00C04F79EFBC}") = "SpecFlowCalculator.Specs", "SpecFlowCalculator.Specs\SpecFlowCalculator.Specs.csproj", "{3176807B-B21F-4DD0-8B53-B52F676EE996}"
EndProject
Global
	GlobalSection(SolutionConfigurationPlatforms) = preSolution
		Debug|Any CPU = Debug|Any CPU
		Release|Any CPU = Release|Any CPU
	EndGlobalSection
	GlobalSection(ProjectConfigurationPlatforms) = postSolution
		{2210AE7F-78F7-4EE2-AB5E-D27E29244095}.Debug|Any CPU.ActiveCfg = Debug|Any CPU
		{2210AE7F-78F7-4EE2-AB5E-D27E29244095}.Debug|Any CPU.Build.0 = Debug|Any CPU
		{2210AE7F-78F7-4EE2-AB5E-D27E29244095}.Release|Any CPU.ActiveCfg = Release|Any CPU
		{2210AE7F-78F7-4EE2-AB5E-D27E29244095}.Release|Any CPU.Build.0 = Release|Any CPU
		{3176807B-B21F-4DD0-8B53-B52F676EE996}.Debug|Any CPU.ActiveCfg = Debug|Any CPU
		{3176807B-B21F-4DD0-8B53-B52F676EE996}.Debug|Any CPU.Build.0 = Debug|Any CPU
		{3176807B-B21F-4DD0-8B53-B52F676EE996}.Release|Any CPU.ActiveCfg = Release|Any CPU
		{3176807B-B21F-4DD0-8B53-B52F676EE996}.Release|Any CPU.Build.0 = Release|Any CPU
	EndGlobalSection
	GlobalSection(SolutionProperties) = preSolution
		HideSolutionNode = FALSE
	EndGlobalSection
	GlobalSection(ExtensibilityGlobals) = postSolution
		SolutionGuid = {D0C4E388-7696-4440-8BB9-A32023E88CD8}
	EndGlobalSection
EndGlobal
