
Microsoft Visual Studio Solution File, Format Version 12.00
# Visual Studio Version 17
VisualStudioVersion = 17.0.32014.148
MinimumVisualStudioVersion = 10.0.40219.1
Project("{F2A71F9B-5D33-465A-A702-920D77279786}") = "mvc-basics", "mvc-basics\mvc-basics.fsproj", "{13F067AC-03F1-4A50-BCE0-E7DEBBF7448B}"
EndProject
Global
	GlobalSection(SolutionConfigurationPlatforms) = preSolution
		Debug|Any CPU = Debug|Any CPU
		Release|Any CPU = Release|Any CPU
	EndGlobalSection
	GlobalSection(ProjectConfigurationPlatforms) = postSolution
		{13F067AC-03F1-4A50-BCE0-E7DEBBF7448B}.Debug|Any CPU.ActiveCfg = Debug|Any CPU
		{13F067AC-03F1-4A50-BCE0-E7DEBBF7448B}.Debug|Any CPU.Build.0 = Debug|Any CPU
		{13F067AC-03F1-4A50-BCE0-E7DEBBF7448B}.Release|Any CPU.ActiveCfg = Release|Any CPU
		{13F067AC-03F1-4A50-BCE0-E7DEBBF7448B}.Release|Any CPU.Build.0 = Release|Any CPU
	EndGlobalSection
	GlobalSection(SolutionProperties) = preSolution
		HideSolutionNode = FALSE
	EndGlobalSection
	GlobalSection(ExtensibilityGlobals) = postSolution
		SolutionGuid = {5E118966-C2F8-4F0F-8D0C-2F54557F0F22}
	EndGlobalSection
EndGlobal
